// !$*UTF8*$!
{
	archiveVersion = 1;
	classes = {
	};
	objectVersion = 50;
	objects = {

/* Begin PBXBuildFile section */
		D4A8D9F322928EB800275855 /* AppDelegate.swift in Sources */ = {isa = PBXBuildFile; fileRef = D4A8D9F222928EB800275855 /* AppDelegate.swift */; };
		D4A8D9F522928EB800275855 /* ViewController.swift in Sources */ = {isa = PBXBuildFile; fileRef = D4A8D9F422928EB800275855 /* ViewController.swift */; };
		D4A8D9F822928EB800275855 /* Main.storyboard in Resources */ = {isa = PBXBuildFile; fileRef = D4A8D9F622928EB800275855 /* Main.storyboard */; };
		D4A8D9FA22928EB900275855 /* Assets.xcassets in Resources */ = {isa = PBXBuildFile; fileRef = D4A8D9F922928EB900275855 /* Assets.xcassets */; };
		D4A8D9FD22928EB900275855 /* LaunchScreen.storyboard in Resources */ = {isa = PBXBuildFile; fileRef = D4A8D9FB22928EB900275855 /* LaunchScreen.storyboard */; };
		D4A8DA0822928EB900275855 /* TaskAppTests.swift in Sources */ = {isa = PBXBuildFile; fileRef = D4A8DA0722928EB900275855 /* TaskAppTests.swift */; };
		D4A8DA1322928EB900275855 /* TaskAppUITests.swift in Sources */ = {isa = PBXBuildFile; fileRef = D4A8DA1222928EB900275855 /* TaskAppUITests.swift */; };
/* End PBXBuildFile section */

/* Begin PBXContainerItemProxy section */
		D4A8DA0422928EB900275855 /* PBXContainerItemProxy */ = {
			isa = PBXContainerItemProxy;
			containerPortal = D4A8D9E722928EB800275855 /* Project object */;
			proxyType = 1;
			remoteGlobalIDString = D4A8D9EE22928EB800275855;
			remoteInfo = TaskApp;
		};
		D4A8DA0F22928EB900275855 /* PBXContainerItemProxy */ = {
			isa = PBXContainerItemProxy;
			containerPortal = D4A8D9E722928EB800275855 /* Project object */;
			proxyType = 1;
			remoteGlobalIDString = D4A8D9EE22928EB800275855;
			remoteInfo = TaskApp;
		};
/* End PBXContainerItemProxy section */

/* Begin PBXFileReference section */
		D4A8D9EF22928EB800275855 /* TaskApp.app */ = {isa = PBXFileReference; explicitFileType = wrapper.application; includeInIndex = 0; path = TaskApp.app; sourceTree = BUILT_PRODUCTS_DIR; };
		D4A8D9F222928EB800275855 /* AppDelegate.swift */ = {isa = PBXFileReference; lastKnownFileType = sourcecode.swift; path = AppDelegate.swift; sourceTree = "<group>"; };
		D4A8D9F422928EB800275855 /* ViewController.swift */ = {isa = PBXFileReference; lastKnownFileType = sourcecode.swift; path = ViewController.swift; sourceTree = "<group>"; };
		D4A8D9F722928EB800275855 /* Base */ = {isa = PBXFileReference; lastKnownFileType = file.storyboard; name = Base; path = Base.lproj/Main.storyboard; sourceTree = "<group>"; };
		D4A8D9F922928EB900275855 /* Assets.xcassets */ = {isa = PBXFileReference; lastKnownFileType = folder.assetcatalog; path = Assets.xcassets; sourceTree = "<group>"; };
		D4A8D9FC22928EB900275855 /* Base */ = {isa = PBXFileReference; lastKnownFileType = file.storyboard; name = Base; path = Base.lproj/LaunchScreen.storyboard; sourceTree = "<group>"; };
		D4A8D9FE22928EB900275855 /* Info.plist */ = {isa = PBXFileReference; lastKnownFileType = text.plist.xml; path = Info.plist; sourceTree = "<group>"; };
		D4A8DA0322928EB900275855 /* TaskAppTests.xctest */ = {isa = PBXFileReference; explicitFileType = wrapper.cfbundle; includeInIndex = 0; path = TaskAppTests.xctest; sourceTree = BUILT_PRODUCTS_DIR; };
		D4A8DA0722928EB900275855 /* TaskAppTests.swift */ = {isa = PBXFileReference; lastKnownFileType = sourcecode.swift; path = TaskAppTests.swift; sourceTree = "<group>"; };
		D4A8DA0922928EB900275855 /* Info.plist */ = {isa = PBXFileReference; lastKnownFileType = text.plist.xml; path = Info.plist; sourceTree = "<group>"; };
		D4A8DA0E22928EB900275855 /* TaskAppUITests.xctest */ = {isa = PBXFileReference; explicitFileType = wrapper.cfbundle; includeInIndex = 0; path = TaskAppUITests.xctest; sourceTree = BUILT_PRODUCTS_DIR; };
		D4A8DA1222928EB900275855 /* TaskAppUITests.swift */ = {isa = PBXFileReference; lastKnownFileType = sourcecode.swift; path = TaskAppUITests.swift; sourceTree = "<group>"; };
		D4A8DA1422928EB900275855 /* Info.plist */ = {isa = PBXFileReference; lastKnownFileType = text.plist.xml; path = Info.plist; sourceTree = "<group>"; };
/* End PBXFileReference section */

/* Begin PBXFrameworksBuildPhase section */
		D4A8D9EC22928EB800275855 /* Frameworks */ = {
			isa = PBXFrameworksBuildPhase;
			buildActionMask = 2147483647;
			files = (
			);
			runOnlyForDeploymentPostprocessing = 0;
		};
		D4A8DA0022928EB900275855 /* Frameworks */ = {
			isa = PBXFrameworksBuildPhase;
			buildActionMask = 2147483647;
			files = (
			);
			runOnlyForDeploymentPostprocessing = 0;
		};
		D4A8DA0B22928EB900275855 /* Frameworks */ = {
			isa = PBXFrameworksBuildPhase;
			buildActionMask = 2147483647;
			files = (
			);
			runOnlyForDeploymentPostprocessing = 0;
		};
/* End PBXFrameworksBuildPhase section */

/* Begin PBXGroup section */
		D4A8D9E622928EB800275855 = {
			isa = PBXGroup;
			children = (
				D4A8D9F122928EB800275855 /* TaskApp */,
				D4A8DA0622928EB900275855 /* TaskAppTests */,
				D4A8DA1122928EB900275855 /* TaskAppUITests */,
				D4A8D9F022928EB800275855 /* Products */,
			);
			sourceTree = "<group>";
		};
		D4A8D9F022928EB800275855 /* Products */ = {
			isa = PBXGroup;
			children = (
				D4A8D9EF22928EB800275855 /* TaskApp.app */,
				D4A8DA0322928EB900275855 /* TaskAppTests.xctest */,
				D4A8DA0E22928EB900275855 /* TaskAppUITests.xctest */,
			);
			name = Products;
			sourceTree = "<group>";
		};
		D4A8D9F122928EB800275855 /* TaskApp */ = {
			isa = PBXGroup;
			children = (
				D4A8D9F222928EB800275855 /* AppDelegate.swift */,
				D4A8D9F422928EB800275855 /* ViewController.swift */,
				D4A8D9F622928EB800275855 /* Main.storyboard */,
				D4A8D9F922928EB900275855 /* Assets.xcassets */,
				D4A8D9FB22928EB900275855 /* LaunchScreen.storyboard */,
				D4A8D9FE22928EB900275855 /* Info.plist */,
			);
			path = TaskApp;
			sourceTree = "<group>";
		};
		D4A8DA0622928EB900275855 /* TaskAppTests */ = {
			isa = PBXGroup;
			children = (
				D4A8DA0722928EB900275855 /* TaskAppTests.swift */,
				D4A8DA0922928EB900275855 /* Info.plist */,
			);
			path = TaskAppTests;
			sourceTree = "<group>";
		};
		D4A8DA1122928EB900275855 /* TaskAppUITests */ = {
			isa = PBXGroup;
			children = (
				D4A8DA1222928EB900275855 /* TaskAppUITests.swift */,
				D4A8DA1422928EB900275855 /* Info.plist */,
			);
			path = TaskAppUITests;
			sourceTree = "<group>";
		};
/* End PBXGroup section */

/* Begin PBXNativeTarget section */
		D4A8D9EE22928EB800275855 /* TaskApp */ = {
			isa = PBXNativeTarget;
			buildConfigurationList = D4A8DA1722928EB900275855 /* Build configuration list for PBXNativeTarget "TaskApp" */;
			buildPhases = (
				D4A8D9EB22928EB800275855 /* Sources */,
				D4A8D9EC22928EB800275855 /* Frameworks */,
				D4A8D9ED22928EB800275855 /* Resources */,
			);
			buildRules = (
			);
			dependencies = (
			);
			name = TaskApp;
			productName = TaskApp;
			productReference = D4A8D9EF22928EB800275855 /* TaskApp.app */;
			productType = "com.apple.product-type.application";
		};
		D4A8DA0222928EB900275855 /* TaskAppTests */ = {
			isa = PBXNativeTarget;
			buildConfigurationList = D4A8DA1A22928EB900275855 /* Build configuration list for PBXNativeTarget "TaskAppTests" */;
			buildPhases = (
				D4A8D9FF22928EB900275855 /* Sources */,
				D4A8DA0022928EB900275855 /* Frameworks */,
				D4A8DA0122928EB900275855 /* Resources */,
			);
			buildRules = (
			);
			dependencies = (
				D4A8DA0522928EB900275855 /* PBXTargetDependency */,
			);
			name = TaskAppTests;
			productName = TaskAppTests;
			productReference = D4A8DA0322928EB900275855 /* TaskAppTests.xctest */;
			productType = "com.apple.product-type.bundle.unit-test";
		};
		D4A8DA0D22928EB900275855 /* TaskAppUITests */ = {
			isa = PBXNativeTarget;
			buildConfigurationList = D4A8DA1D22928EB900275855 /* Build configuration list for PBXNativeTarget "TaskAppUITests" */;
			buildPhases = (
				D4A8DA0A22928EB900275855 /* Sources */,
				D4A8DA0B22928EB900275855 /* Frameworks */,
				D4A8DA0C22928EB900275855 /* Resources */,
			);
			buildRules = (
			);
			dependencies = (
				D4A8DA1022928EB900275855 /* PBXTargetDependency */,
			);
			name = TaskAppUITests;
			productName = TaskAppUITests;
			productReference = D4A8DA0E22928EB900275855 /* TaskAppUITests.xctest */;
			productType = "com.apple.product-type.bundle.ui-testing";
		};
/* End PBXNativeTarget section */

/* Begin PBXProject section */
		D4A8D9E722928EB800275855 /* Project object */ = {
			isa = PBXProject;
			attributes = {
				LastSwiftUpdateCheck = 1010;
				LastUpgradeCheck = 1010;
				ORGANIZATIONNAME = "Madeleine Gillard";
				TargetAttributes = {
					D4A8D9EE22928EB800275855 = {
						CreatedOnToolsVersion = 10.1;
					};
					D4A8DA0222928EB900275855 = {
						CreatedOnToolsVersion = 10.1;
						TestTargetID = D4A8D9EE22928EB800275855;
					};
					D4A8DA0D22928EB900275855 = {
						CreatedOnToolsVersion = 10.1;
						TestTargetID = D4A8D9EE22928EB800275855;
					};
				};
			};
			buildConfigurationList = D4A8D9EA22928EB800275855 /* Build configuration list for PBXProject "TaskApp" */;
			compatibilityVersion = "Xcode 9.3";
			developmentRegion = en;
			hasScannedForEncodings = 0;
			knownRegions = (
				en,
				Base,
			);
			mainGroup = D4A8D9E622928EB800275855;
			productRefGroup = D4A8D9F022928EB800275855 /* Products */;
			projectDirPath = "";
			projectRoot = "";
			targets = (
				D4A8D9EE22928EB800275855 /* TaskApp */,
				D4A8DA0222928EB900275855 /* TaskAppTests */,
				D4A8DA0D22928EB900275855 /* TaskAppUITests */,
			);
		};
/* End PBXProject section */

/* Begin PBXResourcesBuildPhase section */
		D4A8D9ED22928EB800275855 /* Resources */ = {
			isa = PBXResourcesBuildPhase;
			buildActionMask = 2147483647;
			files = (
				D4A8D9FD22928EB900275855 /* LaunchScreen.storyboard in Resources */,
				D4A8D9FA22928EB900275855 /* Assets.xcassets in Resources */,
				D4A8D9F822928EB800275855 /* Main.storyboard in Resources */,
			);
			runOnlyForDeploymentPostprocessing = 0;
		};
		D4A8DA0122928EB900275855 /* Resources */ = {
			isa = PBXResourcesBuildPhase;
			buildActionMask = 2147483647;
			files = (
			);
			runOnlyForDeploymentPostprocessing = 0;
		};
		D4A8DA0C22928EB900275855 /* Resources */ = {
			isa = PBXResourcesBuildPhase;
			buildActionMask = 2147483647;
			files = (
			);
			runOnlyForDeploymentPostprocessing = 0;
		};
/* End PBXResourcesBuildPhase section */

/* Begin PBXSourcesBuildPhase section */
		D4A8D9EB22928EB800275855 /* Sources */ = {
			isa = PBXSourcesBuildPhase;
			buildActionMask = 2147483647;
			files = (
				D4A8D9F522928EB800275855 /* ViewController.swift in Sources */,
				D4A8D9F322928EB800275855 /* AppDelegate.swift in Sources */,
			);
			runOnlyForDeploymentPostprocessing = 0;
		};
		D4A8D9FF22928EB900275855 /* Sources */ = {
			isa = PBXSourcesBuildPhase;
			buildActionMask = 2147483647;
			files = (
				D4A8DA0822928EB900275855 /* TaskAppTests.swift in Sources */,
			);
			runOnlyForDeploymentPostprocessing = 0;
		};
		D4A8DA0A22928EB900275855 /* Sources */ = {
			isa = PBXSourcesBuildPhase;
			buildActionMask = 2147483647;
			files = (
				D4A8DA1322928EB900275855 /* TaskAppUITests.swift in Sources */,
			);
			runOnlyForDeploymentPostprocessing = 0;
		};
/* End PBXSourcesBuildPhase section */

/* Begin PBXTargetDependency section */
		D4A8DA0522928EB900275855 /* PBXTargetDependency */ = {
			isa = PBXTargetDependency;
			target = D4A8D9EE22928EB800275855 /* TaskApp */;
			targetProxy = D4A8DA0422928EB900275855 /* PBXContainerItemProxy */;
		};
		D4A8DA1022928EB900275855 /* PBXTargetDependency */ = {
			isa = PBXTargetDependency;
			target = D4A8D9EE22928EB800275855 /* TaskApp */;
			targetProxy = D4A8DA0F22928EB900275855 /* PBXContainerItemProxy */;
		};
/* End PBXTargetDependency section */

/* Begin PBXVariantGroup section */
		D4A8D9F622928EB800275855 /* Main.storyboard */ = {
			isa = PBXVariantGroup;
			children = (
				D4A8D9F722928EB800275855 /* Base */,
			);
			name = Main.storyboard;
			sourceTree = "<group>";
		};
		D4A8D9FB22928EB900275855 /* LaunchScreen.storyboard */ = {
			isa = PBXVariantGroup;
			children = (
				D4A8D9FC22928EB900275855 /* Base */,
			);
			name = LaunchScreen.storyboard;
			sourceTree = "<group>";
		};
/* End PBXVariantGroup section */

/* Begin XCBuildConfiguration section */
		D4A8DA1522928EB900275855 /* Debug */ = {
			isa = XCBuildConfiguration;
			buildSettings = {
				ALWAYS_SEARCH_USER_PATHS = NO;
				CLANG_ANALYZER_NONNULL = YES;
				CLANG_ANALYZER_NUMBER_OBJECT_CONVERSION = YES_AGGRESSIVE;
				CLANG_CXX_LANGUAGE_STANDARD = "gnu++14";
				CLANG_CXX_LIBRARY = "libc++";
				CLANG_ENABLE_MODULES = YES;
				CLANG_ENABLE_OBJC_ARC = YES;
				CLANG_ENABLE_OBJC_WEAK = YES;
				CLANG_WARN_BLOCK_CAPTURE_AUTORELEASING = YES;
				CLANG_WARN_BOOL_CONVERSION = YES;
				CLANG_WARN_COMMA = YES;
				CLANG_WARN_CONSTANT_CONVERSION = YES;
				CLANG_WARN_DEPRECATED_OBJC_IMPLEMENTATIONS = YES;
				CLANG_WARN_DIRECT_OBJC_ISA_USAGE = YES_ERROR;
				CLANG_WARN_DOCUMENTATION_COMMENTS = YES;
				CLANG_WARN_EMPTY_BODY = YES;
				CLANG_WARN_ENUM_CONVERSION = YES;
				CLANG_WARN_INFINITE_RECURSION = YES;
				CLANG_WARN_INT_CONVERSION = YES;
				CLANG_WARN_NON_LITERAL_NULL_CONVERSION = YES;
				CLANG_WARN_OBJC_IMPLICIT_RETAIN_SELF = YES;
				CLANG_WARN_OBJC_LITERAL_CONVERSION = YES;
				CLANG_WARN_OBJC_ROOT_CLASS = YES_ERROR;
				CLANG_WARN_RANGE_LOOP_ANALYSIS = YES;
				CLANG_WARN_STRICT_PROTOTYPES = YES;
				CLANG_WARN_SUSPICIOUS_MOVE = YES;
				CLANG_WARN_UNGUARDED_AVAILABILITY = YES_AGGRESSIVE;
				CLANG_WARN_UNREACHABLE_CODE = YES;
				CLANG_WARN__DUPLICATE_METHOD_MATCH = YES;
				CODE_SIGN_IDENTITY = "iPhone Developer";
				COPY_PHASE_STRIP = NO;
				DEBUG_INFORMATION_FORMAT = dwarf;
				ENABLE_STRICT_OBJC_MSGSEND = YES;
				ENABLE_TESTABILITY = YES;
				GCC_C_LANGUAGE_STANDARD = gnu11;
				GCC_DYNAMIC_NO_PIC = NO;
				GCC_NO_COMMON_BLOCKS = YES;
				GCC_OPTIMIZATION_LEVEL = 0;
				GCC_PREPROCESSOR_DEFINITIONS = (
					"DEBUG=1",
					"$(inherited)",
				);
				GCC_WARN_64_TO_32_BIT_CONVERSION = YES;
				GCC_WARN_ABOUT_RETURN_TYPE = YES_ERROR;
				GCC_WARN_UNDECLARED_SELECTOR = YES;
				GCC_WARN_UNINITIALIZED_AUTOS = YES_AGGRESSIVE;
				GCC_WARN_UNUSED_FUNCTION = YES;
				GCC_WARN_UNUSED_VARIABLE = YES;
				IPHONEOS_DEPLOYMENT_TARGET = 12.1;
				MTL_ENABLE_DEBUG_INFO = INCLUDE_SOURCE;
				MTL_FAST_MATH = YES;
				ONLY_ACTIVE_ARCH = YES;
				SDKROOT = iphoneos;
				SWIFT_ACTIVE_COMPILATION_CONDITIONS = DEBUG;
				SWIFT_OPTIMIZATION_LEVEL = "-Onone";
			};
			name = Debug;
		};
		D4A8DA1622928EB900275855 /* Release */ = {
			isa = XCBuildConfiguration;
			buildSettings = {
				ALWAYS_SEARCH_USER_PATHS = NO;
				CLANG_ANALYZER_NONNULL = YES;
				CLANG_ANALYZER_NUMBER_OBJECT_CONVERSION = YES_AGGRESSIVE;
				CLANG_CXX_LANGUAGE_STANDARD = "gnu++14";
				CLANG_CXX_LIBRARY = "libc++";
				CLANG_ENABLE_MODULES = YES;
				CLANG_ENABLE_OBJC_ARC = YES;
				CLANG_ENABLE_OBJC_WEAK = YES;
				CLANG_WARN_BLOCK_CAPTURE_AUTORELEASING = YES;
				CLANG_WARN_BOOL_CONVERSION = YES;
				CLANG_WARN_COMMA = YES;
				CLANG_WARN_CONSTANT_CONVERSION = YES;
				CLANG_WARN_DEPRECATED_OBJC_IMPLEMENTATIONS = YES;
				CLANG_WARN_DIRECT_OBJC_ISA_USAGE = YES_ERROR;
				CLANG_WARN_DOCUMENTATION_COMMENTS = YES;
				CLANG_WARN_EMPTY_BODY = YES;
				CLANG_WARN_ENUM_CONVERSION = YES;
				CLANG_WARN_INFINITE_RECURSION = YES;
				CLANG_WARN_INT_CONVERSION = YES;
				CLANG_WARN_NON_LITERAL_NULL_CONVERSION = YES;
				CLANG_WARN_OBJC_IMPLICIT_RETAIN_SELF = YES;
				CLANG_WARN_OBJC_LITERAL_CONVERSION = YES;
				CLANG_WARN_OBJC_ROOT_CLASS = YES_ERROR;
				CLANG_WARN_RANGE_LOOP_ANALYSIS = YES;
				CLANG_WARN_STRICT_PROTOTYPES = YES;
				CLANG_WARN_SUSPICIOUS_MOVE = YES;
				CLANG_WARN_UNGUARDED_AVAILABILITY = YES_AGGRESSIVE;
				CLANG_WARN_UNREACHABLE_CODE = YES;
				CLANG_WARN__DUPLICATE_METHOD_MATCH = YES;
				CODE_SIGN_IDENTITY = "iPhone Developer";
				COPY_PHASE_STRIP = NO;
				DEBUG_INFORMATION_FORMAT = "dwarf-with-dsym";
				ENABLE_NS_ASSERTIONS = NO;
				ENABLE_STRICT_OBJC_MSGSEND = YES;
				GCC_C_LANGUAGE_STANDARD = gnu11;
				GCC_NO_COMMON_BLOCKS = YES;
				GCC_WARN_64_TO_32_BIT_CONVERSION = YES;
				GCC_WARN_ABOUT_RETURN_TYPE = YES_ERROR;
				GCC_WARN_UNDECLARED_SELECTOR = YES;
				GCC_WARN_UNINITIALIZED_AUTOS = YES_AGGRESSIVE;
				GCC_WARN_UNUSED_FUNCTION = YES;
				GCC_WARN_UNUSED_VARIABLE = YES;
				IPHONEOS_DEPLOYMENT_TARGET = 12.1;
				MTL_ENABLE_DEBUG_INFO = NO;
				MTL_FAST_MATH = YES;
				SDKROOT = iphoneos;
				SWIFT_COMPILATION_MODE = wholemodule;
				SWIFT_OPTIMIZATION_LEVEL = "-O";
				VALIDATE_PRODUCT = YES;
			};
			name = Release;
		};
		D4A8DA1822928EB900275855 /* Debug */ = {
			isa = XCBuildConfiguration;
			buildSettings = {
				ASSETCATALOG_COMPILER_APPICON_NAME = AppIcon;
				CODE_SIGN_STYLE = Automatic;
				INFOPLIST_FILE = TaskApp/Info.plist;
				LD_RUNPATH_SEARCH_PATHS = (
					"$(inherited)",
					"@executable_path/Frameworks",
				);
				PRODUCT_BUNDLE_IDENTIFIER = uts.edu.madgil.TaskApp;
				PRODUCT_NAME = "$(TARGET_NAME)";
				SWIFT_VERSION = 4.2;
				TARGETED_DEVICE_FAMILY = "1,2";
			};
			name = Debug;
		};
		D4A8DA1922928EB900275855 /* Release */ = {
			isa = XCBuildConfiguration;
			buildSettings = {
				ASSETCATALOG_COMPILER_APPICON_NAME = AppIcon;
				CODE_SIGN_STYLE = Automatic;
				INFOPLIST_FILE = TaskApp/Info.plist;
				LD_RUNPATH_SEARCH_PATHS = (
					"$(inherited)",
					"@executable_path/Frameworks",
				);
				PRODUCT_BUNDLE_IDENTIFIER = uts.edu.madgil.TaskApp;
				PRODUCT_NAME = "$(TARGET_NAME)";
				SWIFT_VERSION = 4.2;
				TARGETED_DEVICE_FAMILY = "1,2";
			};
			name = Release;
		};
		D4A8DA1B22928EB900275855 /* Debug */ = {
			isa = XCBuildConfiguration;
			buildSettings = {
				ALWAYS_EMBED_SWIFT_STANDARD_LIBRARIES = YES;
				BUNDLE_LOADER = "$(TEST_HOST)";
				CODE_SIGN_STYLE = Automatic;
				INFOPLIST_FILE = TaskAppTests/Info.plist;
				LD_RUNPATH_SEARCH_PATHS = (
					"$(inherited)",
					"@executable_path/Frameworks",
					"@loader_path/Frameworks",
				);
				PRODUCT_BUNDLE_IDENTIFIER = uts.edu.madgil.TaskAppTests;
				PRODUCT_NAME = "$(TARGET_NAME)";
				SWIFT_VERSION = 4.2;
				TARGETED_DEVICE_FAMILY = "1,2";
				TEST_HOST = "$(BUILT_PRODUCTS_DIR)/TaskApp.app/TaskApp";
			};
			name = Debug;
		};
		D4A8DA1C22928EB900275855 /* Release */ = {
			isa = XCBuildConfiguration;
			buildSettings = {
				ALWAYS_EMBED_SWIFT_STANDARD_LIBRARIES = YES;
				BUNDLE_LOADER = "$(TEST_HOST)";
				CODE_SIGN_STYLE = Automatic;
				INFOPLIST_FILE = TaskAppTests/Info.plist;
				LD_RUNPATH_SEARCH_PATHS = (
					"$(inherited)",
					"@executable_path/Frameworks",
					"@loader_path/Frameworks",
				);
				PRODUCT_BUNDLE_IDENTIFIER = uts.edu.madgil.TaskAppTests;
				PRODUCT_NAME = "$(TARGET_NAME)";
				SWIFT_VERSION = 4.2;
				TARGETED_DEVICE_FAMILY = "1,2";
				TEST_HOST = "$(BUILT_PRODUCTS_DIR)/TaskApp.app/TaskApp";
			};
			name = Release;
		};
		D4A8DA1E22928EB900275855 /* Debug */ = {
			isa = XCBuildConfiguration;
			buildSettings = {
				ALWAYS_EMBED_SWIFT_STANDARD_LIBRARIES = YES;
				CODE_SIGN_STYLE = Automatic;
				INFOPLIST_FILE = TaskAppUITests/Info.plist;
				LD_RUNPATH_SEARCH_PATHS = (
					"$(inherited)",
					"@executable_path/Frameworks",
					"@loader_path/Frameworks",
				);
				PRODUCT_BUNDLE_IDENTIFIER = uts.edu.madgil.TaskAppUITests;
				PRODUCT_NAME = "$(TARGET_NAME)";
				SWIFT_VERSION = 4.2;
				TARGETED_DEVICE_FAMILY = "1,2";
				TEST_TARGET_NAME = TaskApp;
			};
			name = Debug;
		};
		D4A8DA1F22928EB900275855 /* Release */ = {
			isa = XCBuildConfiguration;
			buildSettings = {
				ALWAYS_EMBED_SWIFT_STANDARD_LIBRARIES = YES;
				CODE_SIGN_STYLE = Automatic;
				INFOPLIST_FILE = TaskAppUITests/Info.plist;
				LD_RUNPATH_SEARCH_PATHS = (
					"$(inherited)",
					"@executable_path/Frameworks",
					"@loader_path/Frameworks",
				);
				PRODUCT_BUNDLE_IDENTIFIER = uts.edu.madgil.TaskAppUITests;
				PRODUCT_NAME = "$(TARGET_NAME)";
				SWIFT_VERSION = 4.2;
				TARGETED_DEVICE_FAMILY = "1,2";
				TEST_TARGET_NAME = TaskApp;
			};
			name = Release;
		};
/* End XCBuildConfiguration section */

/* Begin XCConfigurationList section */
		D4A8D9EA22928EB800275855 /* Build configuration list for PBXProject "TaskApp" */ = {
			isa = XCConfigurationList;
			buildConfigurations = (
				D4A8DA1522928EB900275855 /* Debug */,
				D4A8DA1622928EB900275855 /* Release */,
			);
			defaultConfigurationIsVisible = 0;
			defaultConfigurationName = Release;
		};
		D4A8DA1722928EB900275855 /* Build configuration list for PBXNativeTarget "TaskApp" */ = {
			isa = XCConfigurationList;
			buildConfigurations = (
				D4A8DA1822928EB900275855 /* Debug */,
				D4A8DA1922928EB900275855 /* Release */,
			);
			defaultConfigurationIsVisible = 0;
			defaultConfigurationName = Release;
		};
		D4A8DA1A22928EB900275855 /* Build configuration list for PBXNativeTarget "TaskAppTests" */ = {
			isa = XCConfigurationList;
			buildConfigurations = (
				D4A8DA1B22928EB900275855 /* Debug */,
				D4A8DA1C22928EB900275855 /* Release */,
			);
			defaultConfigurationIsVisible = 0;
			defaultConfigurationName = Release;
		};
		D4A8DA1D22928EB900275855 /* Build configuration list for PBXNativeTarget "TaskAppUITests" */ = {
			isa = XCConfigurationList;
			buildConfigurations = (
				D4A8DA1E22928EB900275855 /* Debug */,
				D4A8DA1F22928EB900275855 /* Release */,
			);
			defaultConfigurationIsVisible = 0;
			defaultConfigurationName = Release;
		};
/* End XCConfigurationList section */
	};
	rootObject = D4A8D9E722928EB800275855 /* Project object */;
}
